Microsoft Visual Studio Solution File, Format Version 12.00
# Visual Studio Version 17
VisualStudioVersion = 17.10.34902.84
MinimumVisualStudioVersion = 10.0.40219.1
Project("{9A19103F-16F7-4668-BE54-9A1E7A4F7556}") = "StructuralComparison.Core", "src\StructuralComparison.Core\StructuralComparison.Core.csproj", "{A9EC689C-DF79-489C-92A4-9301B45B3FCB}"
EndProject
Project("{2150E333-8FDC-42A3-9474-1A3956D46DE8}") = "tests", "tests", "{3EC3A928-38C2-4404-BC2F-6052FCA7EE5D}"
EndProject
Project("{9A19103F-16F7-4668-BE54-9A1E7A4F7556}") = "StructuralComparison.UnitTests", "tests\StructuralComparison.UnitTests\StructuralComparison.UnitTests.csproj", "{A2726DF0-8592-4225-8AF3-5188FFFD0B53}"
EndProject
Project("{2150E333-8FDC-42A3-9474-1A3956D46DE8}") = "Solution Items", "Solution Items", "{6D39DD40-B1DC-4816-B82F-CEB5D697F6E2}"
	ProjectSection(SolutionItems) = preProject
		.editorconfig = .editorconfig
		.gitignore = .gitignore
		Directory.Build.props = Directory.Build.props
		README.md = README.md
	EndProjectSection
EndProject
Project("{9A19103F-16F7-4668-BE54-9A1E7A4F7556}") = "StructuralComparison.AspNetCore", "src\StructuralComparison.AspNetCore\StructuralComparison.AspNetCore.csproj", "{5843E1AD-097F-4C16-9126-4C9DE78F8ABF}"
EndProject
Global
	GlobalSection(ExtensibilityGlobals) = postSolution
		SolutionGuid = {C3B491F5-EC95-4A38-BE93-9E0A76AB3201}
	EndGlobalSection
	GlobalSection(NestedProjects) = preSolution
		{A2726DF0-8592-4225-8AF3-5188FFFD0B53} = {3EC3A928-38C2-4404-BC2F-6052FCA7EE5D}
	EndGlobalSection
	GlobalSection(ProjectConfigurationPlatforms) = postSolution
		{5843E1AD-097F-4C16-9126-4C9DE78F8ABF}.Debug|Any CPU.ActiveCfg = Debug|Any CPU
		{5843E1AD-097F-4C16-9126-4C9DE78F8ABF}.Debug|Any CPU.Build.0 = Debug|Any CPU
		{5843E1AD-097F-4C16-9126-4C9DE78F8ABF}.Release|Any CPU.ActiveCfg = Release|Any CPU
		{5843E1AD-097F-4C16-9126-4C9DE78F8ABF}.Release|Any CPU.Build.0 = Release|Any CPU
		{A2726DF0-8592-4225-8AF3-5188FFFD0B53}.Debug|Any CPU.ActiveCfg = Debug|Any CPU
		{A2726DF0-8592-4225-8AF3-5188FFFD0B53}.Debug|Any CPU.Build.0 = Debug|Any CPU
		{A2726DF0-8592-4225-8AF3-5188FFFD0B53}.Release|Any CPU.ActiveCfg = Release|Any CPU
		{A2726DF0-8592-4225-8AF3-5188FFFD0B53}.Release|Any CPU.Build.0 = Release|Any CPU
		{A9EC689C-DF79-489C-92A4-9301B45B3FCB}.Debug|Any CPU.ActiveCfg = Debug|Any CPU
		{A9EC689C-DF79-489C-92A4-9301B45B3FCB}.Debug|Any CPU.Build.0 = Debug|Any CPU
		{A9EC689C-DF79-489C-92A4-9301B45B3FCB}.Release|Any CPU.ActiveCfg = Release|Any CPU
		{A9EC689C-DF79-489C-92A4-9301B45B3FCB}.Release|Any CPU.Build.0 = Release|Any CPU
	EndGlobalSection
	GlobalSection(SolutionConfigurationPlatforms) = preSolution
		Debug|Any CPU = Debug|Any CPU
		Release|Any CPU = Release|Any CPU
	EndGlobalSection
	GlobalSection(SolutionProperties) = preSolution
		HideSolutionNode = FALSE
	EndGlobalSection
EndGlobal
